// !$*UTF8*$!
{
	archiveVersion = 1;
	classes = {
	};
	objectVersion = 46;
	objects = {

/* Begin PBXBuildFile section */
		9BC19FCC1D38E70800EE70D5 /* AppDelegate.swift in Sources */ = {isa = PBXBuildFile; fileRef = 9BC19FCB1D38E70800EE70D5 /* AppDelegate.swift */; };
		9BC19FCE1D38E70800EE70D5 /* ViewController.swift in Sources */ = {isa = PBXBuildFile; fileRef = 9BC19FCD1D38E70800EE70D5 /* ViewController.swift */; };
		9BC19FD11D38E70800EE70D5 /* Main.storyboard in Resources */ = {isa = PBXBuildFile; fileRef = 9BC19FCF1D38E70800EE70D5 /* Main.storyboard */; };
		9BC19FD31D38E70800EE70D5 /* Assets.xcassets in Resources */ = {isa = PBXBuildFile; fileRef = 9BC19FD21D38E70800EE70D5 /* Assets.xcassets */; };
		9BC19FD61D38E70800EE70D5 /* LaunchScreen.storyboard in Resources */ = {isa = PBXBuildFile; fileRef = 9BC19FD41D38E70800EE70D5 /* LaunchScreen.storyboard */; };
		9BC19FEC1D38ECD900EE70D5 /* ToDoItemTests.swift in Sources */ = {isa = PBXBuildFile; fileRef = 9BC19FEB1D38ECD900EE70D5 /* ToDoItemTests.swift */; };
		9BC19FEE1D38ED7400EE70D5 /* ToDoItem.swift in Sources */ = {isa = PBXBuildFile; fileRef = 9BC19FED1D38ED7400EE70D5 /* ToDoItem.swift */; };
		9BC19FF01D3A077900EE70D5 /* Location.swift in Sources */ = {isa = PBXBuildFile; fileRef = 9BC19FEF1D3A077900EE70D5 /* Location.swift */; };
		9BC19FF41D3A223600EE70D5 /* LocationTests.swift in Sources */ = {isa = PBXBuildFile; fileRef = 9BC19FF31D3A223600EE70D5 /* LocationTests.swift */; };
		9BC19FF61D3A26B400EE70D5 /* ItemManagerTests.swift in Sources */ = {isa = PBXBuildFile; fileRef = 9BC19FF51D3A26B400EE70D5 /* ItemManagerTests.swift */; };
		9BC19FF81D3A284100EE70D5 /* ItemManager.swift in Sources */ = {isa = PBXBuildFile; fileRef = 9BC19FF71D3A284100EE70D5 /* ItemManager.swift */; };
		9BC19FFB1D3C9AE300EE70D5 /* ItemListViewControllerTests.swift in Sources */ = {isa = PBXBuildFile; fileRef = 9BC19FFA1D3C9AE200EE70D5 /* ItemListViewControllerTests.swift */; };
		9BC19FFD1D3C9B3B00EE70D5 /* ItemListViewController.swift in Sources */ = {isa = PBXBuildFile; fileRef = 9BC19FFC1D3C9B3B00EE70D5 /* ItemListViewController.swift */; };
		9BC19FFF1D3C9F9900EE70D5 /* ItemListDataProvider.swift in Sources */ = {isa = PBXBuildFile; fileRef = 9BC19FFE1D3C9F9900EE70D5 /* ItemListDataProvider.swift */; };
		9BC1A0011D3CCC8C00EE70D5 /* ItemListDataProviderTests.swift in Sources */ = {isa = PBXBuildFile; fileRef = 9BC1A0001D3CCC8C00EE70D5 /* ItemListDataProviderTests.swift */; };
		9BC1A0031D3CE7C200EE70D5 /* ItemCell.swift in Sources */ = {isa = PBXBuildFile; fileRef = 9BC1A0021D3CE7C200EE70D5 /* ItemCell.swift */; };
/* End PBXBuildFile section */

/* Begin PBXContainerItemProxy section */
		9BC19FDD1D38E70800EE70D5 /* PBXContainerItemProxy */ = {
			isa = PBXContainerItemProxy;
			containerPortal = 9BC19FC01D38E70800EE70D5 /* Project object */;
			proxyType = 1;
			remoteGlobalIDString = 9BC19FC71D38E70800EE70D5;
			remoteInfo = ToDo;
		};
/* End PBXContainerItemProxy section */

/* Begin PBXFileReference section */
		9BC19FC81D38E70800EE70D5 /* ToDo.app */ = {isa = PBXFileReference; explicitFileType = wrapper.application; includeInIndex = 0; path = ToDo.app; sourceTree = BUILT_PRODUCTS_DIR; };
		9BC19FCB1D38E70800EE70D5 /* AppDelegate.swift */ = {isa = PBXFileReference; lastKnownFileType = sourcecode.swift; path = AppDelegate.swift; sourceTree = "<group>"; };
		9BC19FCD1D38E70800EE70D5 /* ViewController.swift */ = {isa = PBXFileReference; lastKnownFileType = sourcecode.swift; path = ViewController.swift; sourceTree = "<group>"; };
		9BC19FD01D38E70800EE70D5 /* Base */ = {isa = PBXFileReference; lastKnownFileType = file.storyboard; name = Base; path = Base.lproj/Main.storyboard; sourceTree = "<group>"; };
		9BC19FD21D38E70800EE70D5 /* Assets.xcassets */ = {isa = PBXFileReference; lastKnownFileType = folder.assetcatalog; path = Assets.xcassets; sourceTree = "<group>"; };
		9BC19FD51D38E70800EE70D5 /* Base */ = {isa = PBXFileReference; lastKnownFileType = file.storyboard; name = Base; path = Base.lproj/LaunchScreen.storyboard; sourceTree = "<group>"; };
		9BC19FD71D38E70800EE70D5 /* Info.plist */ = {isa = PBXFileReference; lastKnownFileType = text.plist.xml; path = Info.plist; sourceTree = "<group>"; };
		9BC19FDC1D38E70800EE70D5 /* ToDoTests.xctest */ = {isa = PBXFileReference; explicitFileType = wrapper.cfbundle; includeInIndex = 0; path = ToDoTests.xctest; sourceTree = BUILT_PRODUCTS_DIR; };
		9BC19FE21D38E70800EE70D5 /* Info.plist */ = {isa = PBXFileReference; lastKnownFileType = text.plist.xml; path = Info.plist; sourceTree = "<group>"; };
		9BC19FEB1D38ECD900EE70D5 /* ToDoItemTests.swift */ = {isa = PBXFileReference; fileEncoding = 4; lastKnownFileType = sourcecode.swift; path = ToDoItemTests.swift; sourceTree = "<group>"; };
		9BC19FED1D38ED7400EE70D5 /* ToDoItem.swift */ = {isa = PBXFileReference; fileEncoding = 4; lastKnownFileType = sourcecode.swift; path = ToDoItem.swift; sourceTree = "<group>"; };
		9BC19FEF1D3A077900EE70D5 /* Location.swift */ = {isa = PBXFileReference; fileEncoding = 4; lastKnownFileType = sourcecode.swift; path = Location.swift; sourceTree = "<group>"; };
		9BC19FF31D3A223600EE70D5 /* LocationTests.swift */ = {isa = PBXFileReference; fileEncoding = 4; lastKnownFileType = sourcecode.swift; path = LocationTests.swift; sourceTree = "<group>"; };
		9BC19FF51D3A26B400EE70D5 /* ItemManagerTests.swift */ = {isa = PBXFileReference; fileEncoding = 4; lastKnownFileType = sourcecode.swift; path = ItemManagerTests.swift; sourceTree = "<group>"; };
		9BC19FF71D3A284100EE70D5 /* ItemManager.swift */ = {isa = PBXFileReference; fileEncoding = 4; lastKnownFileType = sourcecode.swift; path = ItemManager.swift; sourceTree = "<group>"; };
		9BC19FFA1D3C9AE200EE70D5 /* ItemListViewControllerTests.swift */ = {isa = PBXFileReference; fileEncoding = 4; lastKnownFileType = sourcecode.swift; path = ItemListViewControllerTests.swift; sourceTree = "<group>"; };
		9BC19FFC1D3C9B3B00EE70D5 /* ItemListViewController.swift */ = {isa = PBXFileReference; fileEncoding = 4; lastKnownFileType = sourcecode.swift; path = ItemListViewController.swift; sourceTree = "<group>"; };
		9BC19FFE1D3C9F9900EE70D5 /* ItemListDataProvider.swift */ = {isa = PBXFileReference; fileEncoding = 4; lastKnownFileType = sourcecode.swift; path = ItemListDataProvider.swift; sourceTree = "<group>"; };
		9BC1A0001D3CCC8C00EE70D5 /* ItemListDataProviderTests.swift */ = {isa = PBXFileReference; fileEncoding = 4; lastKnownFileType = sourcecode.swift; path = ItemListDataProviderTests.swift; sourceTree = "<group>"; };
		9BC1A0021D3CE7C200EE70D5 /* ItemCell.swift */ = {isa = PBXFileReference; fileEncoding = 4; lastKnownFileType = sourcecode.swift; path = ItemCell.swift; sourceTree = "<group>"; };
/* End PBXFileReference section */

/* Begin PBXFrameworksBuildPhase section */
		9BC19FC51D38E70800EE70D5 /* Frameworks */ = {
			isa = PBXFrameworksBuildPhase;
			buildActionMask = 2147483647;
			files = (
			);
			runOnlyForDeploymentPostprocessing = 0;
		};
		9BC19FD91D38E70800EE70D5 /* Frameworks */ = {
			isa = PBXFrameworksBuildPhase;
			buildActionMask = 2147483647;
			files = (
			);
			runOnlyForDeploymentPostprocessing = 0;
		};
/* End PBXFrameworksBuildPhase section */

/* Begin PBXGroup section */
		9BC19FBF1D38E70800EE70D5 = {
			isa = PBXGroup;
			children = (
				9BC19FCA1D38E70800EE70D5 /* ToDo */,
				9BC19FDF1D38E70800EE70D5 /* ToDoTests */,
				9BC19FC91D38E70800EE70D5 /* Products */,
			);
			sourceTree = "<group>";
		};
		9BC19FC91D38E70800EE70D5 /* Products */ = {
			isa = PBXGroup;
			children = (
				9BC19FC81D38E70800EE70D5 /* ToDo.app */,
				9BC19FDC1D38E70800EE70D5 /* ToDoTests.xctest */,
			);
			name = Products;
			sourceTree = "<group>";
		};
		9BC19FCA1D38E70800EE70D5 /* ToDo */ = {
			isa = PBXGroup;
			children = (
				9BC19FCB1D38E70800EE70D5 /* AppDelegate.swift */,
				9BC19FCD1D38E70800EE70D5 /* ViewController.swift */,
				9BC19FCF1D38E70800EE70D5 /* Main.storyboard */,
				9BC19FD21D38E70800EE70D5 /* Assets.xcassets */,
				9BC19FD41D38E70800EE70D5 /* LaunchScreen.storyboard */,
				9BC19FD71D38E70800EE70D5 /* Info.plist */,
				9BC19FF91D3C9AA200EE70D5 /* Model */,
				9BC19FFC1D3C9B3B00EE70D5 /* ItemListViewController.swift */,
				9BC19FFE1D3C9F9900EE70D5 /* ItemListDataProvider.swift */,
				9BC1A0021D3CE7C200EE70D5 /* ItemCell.swift */,
			);
			path = ToDo;
			sourceTree = "<group>";
		};
		9BC19FDF1D38E70800EE70D5 /* ToDoTests */ = {
			isa = PBXGroup;
			children = (
				9BC19FE21D38E70800EE70D5 /* Info.plist */,
				9BC19FEB1D38ECD900EE70D5 /* ToDoItemTests.swift */,
				9BC19FF31D3A223600EE70D5 /* LocationTests.swift */,
				9BC19FF51D3A26B400EE70D5 /* ItemManagerTests.swift */,
				9BC19FFA1D3C9AE200EE70D5 /* ItemListViewControllerTests.swift */,
				9BC1A0001D3CCC8C00EE70D5 /* ItemListDataProviderTests.swift */,
			);
			path = ToDoTests;
			sourceTree = "<group>";
		};
		9BC19FF91D3C9AA200EE70D5 /* Model */ = {
			isa = PBXGroup;
			children = (
				9BC19FED1D38ED7400EE70D5 /* ToDoItem.swift */,
				9BC19FEF1D3A077900EE70D5 /* Location.swift */,
				9BC19FF71D3A284100EE70D5 /* ItemManager.swift */,
			);
			name = Model;
			sourceTree = "<group>";
		};
/* End PBXGroup section */

/* Begin PBXNativeTarget section */
		9BC19FC71D38E70800EE70D5 /* ToDo */ = {
			isa = PBXNativeTarget;
			buildConfigurationList = 9BC19FE51D38E70800EE70D5 /* Build configuration list for PBXNativeTarget "ToDo" */;
			buildPhases = (
				9BC19FC41D38E70800EE70D5 /* Sources */,
				9BC19FC51D38E70800EE70D5 /* Frameworks */,
				9BC19FC61D38E70800EE70D5 /* Resources */,
			);
			buildRules = (
			);
			dependencies = (
			);
			name = ToDo;
			productName = ToDo;
			productReference = 9BC19FC81D38E70800EE70D5 /* ToDo.app */;
			productType = "com.apple.product-type.application";
		};
		9BC19FDB1D38E70800EE70D5 /* ToDoTests */ = {
			isa = PBXNativeTarget;
			buildConfigurationList = 9BC19FE81D38E70800EE70D5 /* Build configuration list for PBXNativeTarget "ToDoTests" */;
			buildPhases = (
				9BC19FD81D38E70800EE70D5 /* Sources */,
				9BC19FD91D38E70800EE70D5 /* Frameworks */,
				9BC19FDA1D38E70800EE70D5 /* Resources */,
			);
			buildRules = (
			);
			dependencies = (
				9BC19FDE1D38E70800EE70D5 /* PBXTargetDependency */,
			);
			name = ToDoTests;
			productName = ToDoTests;
			productReference = 9BC19FDC1D38E70800EE70D5 /* ToDoTests.xctest */;
			productType = "com.apple.product-type.bundle.unit-test";
		};
/* End PBXNativeTarget section */

/* Begin PBXProject section */
		9BC19FC01D38E70800EE70D5 /* Project object */ = {
			isa = PBXProject;
			attributes = {
				LastSwiftUpdateCheck = 0730;
				LastUpgradeCheck = 0730;
				ORGANIZATIONNAME = Siclo;
				TargetAttributes = {
					9BC19FC71D38E70800EE70D5 = {
						CreatedOnToolsVersion = 7.3;
					};
					9BC19FDB1D38E70800EE70D5 = {
						CreatedOnToolsVersion = 7.3;
						TestTargetID = 9BC19FC71D38E70800EE70D5;
					};
				};
			};
			buildConfigurationList = 9BC19FC31D38E70800EE70D5 /* Build configuration list for PBXProject "ToDo" */;
			compatibilityVersion = "Xcode 3.2";
			developmentRegion = English;
			hasScannedForEncodings = 0;
			knownRegions = (
				en,
				Base,
			);
			mainGroup = 9BC19FBF1D38E70800EE70D5;
			productRefGroup = 9BC19FC91D38E70800EE70D5 /* Products */;
			projectDirPath = "";
			projectRoot = "";
			targets = (
				9BC19FC71D38E70800EE70D5 /* ToDo */,
				9BC19FDB1D38E70800EE70D5 /* ToDoTests */,
			);
		};
/* End PBXProject section */

/* Begin PBXResourcesBuildPhase section */
		9BC19FC61D38E70800EE70D5 /* Resources */ = {
			isa = PBXResourcesBuildPhase;
			buildActionMask = 2147483647;
			files = (
				9BC19FD61D38E70800EE70D5 /* LaunchScreen.storyboard in Resources */,
				9BC19FD31D38E70800EE70D5 /* Assets.xcassets in Resources */,
				9BC19FD11D38E70800EE70D5 /* Main.storyboard in Resources */,
			);
			runOnlyForDeploymentPostprocessing = 0;
		};
		9BC19FDA1D38E70800EE70D5 /* Resources */ = {
			isa = PBXResourcesBuildPhase;
			buildActionMask = 2147483647;
			files = (
			);
			runOnlyForDeploymentPostprocessing = 0;
		};
/* End PBXResourcesBuildPhase section */

/* Begin PBXSourcesBuildPhase section */
		9BC19FC41D38E70800EE70D5 /* Sources */ = {
			isa = PBXSourcesBuildPhase;
			buildActionMask = 2147483647;
			files = (
				9BC1A0031D3CE7C200EE70D5 /* ItemCell.swift in Sources */,
				9BC19FCE1D38E70800EE70D5 /* ViewController.swift in Sources */,
				9BC19FFF1D3C9F9900EE70D5 /* ItemListDataProvider.swift in Sources */,
				9BC19FF81D3A284100EE70D5 /* ItemManager.swift in Sources */,
				9BC19FCC1D38E70800EE70D5 /* AppDelegate.swift in Sources */,
				9BC19FF01D3A077900EE70D5 /* Location.swift in Sources */,
				9BC19FEE1D38ED7400EE70D5 /* ToDoItem.swift in Sources */,
				9BC19FFD1D3C9B3B00EE70D5 /* ItemListViewController.swift in Sources */,
			);
			runOnlyForDeploymentPostprocessing = 0;
		};
		9BC19FD81D38E70800EE70D5 /* Sources */ = {
			isa = PBXSourcesBuildPhase;
			buildActionMask = 2147483647;
			files = (
				9BC1A0011D3CCC8C00EE70D5 /* ItemListDataProviderTests.swift in Sources */,
				9BC19FF41D3A223600EE70D5 /* LocationTests.swift in Sources */,
				9BC19FEC1D38ECD900EE70D5 /* ToDoItemTests.swift in Sources */,
				9BC19FF61D3A26B400EE70D5 /* ItemManagerTests.swift in Sources */,
				9BC19FFB1D3C9AE300EE70D5 /* ItemListViewControllerTests.swift in Sources */,
			);
			runOnlyForDeploymentPostprocessing = 0;
		};
/* End PBXSourcesBuildPhase section */

/* Begin PBXTargetDependency section */
		9BC19FDE1D38E70800EE70D5 /* PBXTargetDependency */ = {
			isa = PBXTargetDependency;
			target = 9BC19FC71D38E70800EE70D5 /* ToDo */;
			targetProxy = 9BC19FDD1D38E70800EE70D5 /* PBXContainerItemProxy */;
		};
/* End PBXTargetDependency section */

/* Begin PBXVariantGroup section */
		9BC19FCF1D38E70800EE70D5 /* Main.storyboard */ = {
			isa = PBXVariantGroup;
			children = (
				9BC19FD01D38E70800EE70D5 /* Base */,
			);
			name = Main.storyboard;
			sourceTree = "<group>";
		};
		9BC19FD41D38E70800EE70D5 /* LaunchScreen.storyboard */ = {
			isa = PBXVariantGroup;
			children = (
				9BC19FD51D38E70800EE70D5 /* Base */,
			);
			name = LaunchScreen.storyboard;
			sourceTree = "<group>";
		};
/* End PBXVariantGroup section */

/* Begin XCBuildConfiguration section */
		9BC19FE31D38E70800EE70D5 /* Debug */ = {
			isa = XCBuildConfiguration;
			buildSettings = {
				ALWAYS_SEARCH_USER_PATHS = NO;
				CLANG_ANALYZER_NONNULL = YES;
				CLANG_CXX_LANGUAGE_STANDARD = "gnu++0x";
				CLANG_CXX_LIBRARY = "libc++";
				CLANG_ENABLE_MODULES = YES;
				CLANG_ENABLE_OBJC_ARC = YES;
				CLANG_WARN_BOOL_CONVERSION = YES;
				CLANG_WARN_CONSTANT_CONVERSION = YES;
				CLANG_WARN_DIRECT_OBJC_ISA_USAGE = YES_ERROR;
				CLANG_WARN_EMPTY_BODY = YES;
				CLANG_WARN_ENUM_CONVERSION = YES;
				CLANG_WARN_INT_CONVERSION = YES;
				CLANG_WARN_OBJC_ROOT_CLASS = YES_ERROR;
				CLANG_WARN_UNREACHABLE_CODE = YES;
				CLANG_WARN__DUPLICATE_METHOD_MATCH = YES;
				"CODE_SIGN_IDENTITY[sdk=iphoneos*]" = "iPhone Developer";
				COPY_PHASE_STRIP = NO;
				DEBUG_INFORMATION_FORMAT = dwarf;
				ENABLE_STRICT_OBJC_MSGSEND = YES;
				ENABLE_TESTABILITY = YES;
				GCC_C_LANGUAGE_STANDARD = gnu99;
				GCC_DYNAMIC_NO_PIC = NO;
				GCC_NO_COMMON_BLOCKS = YES;
				GCC_OPTIMIZATION_LEVEL = 0;
				GCC_PREPROCESSOR_DEFINITIONS = (
					"DEBUG=1",
					"$(inherited)",
				);
				GCC_WARN_64_TO_32_BIT_CONVERSION = YES;
				GCC_WARN_ABOUT_RETURN_TYPE = YES_ERROR;
				GCC_WARN_UNDECLARED_SELECTOR = YES;
				GCC_WARN_UNINITIALIZED_AUTOS = YES_AGGRESSIVE;
				GCC_WARN_UNUSED_FUNCTION = YES;
				GCC_WARN_UNUSED_VARIABLE = YES;
				IPHONEOS_DEPLOYMENT_TARGET = 9.3;
				MTL_ENABLE_DEBUG_INFO = YES;
				ONLY_ACTIVE_ARCH = YES;
				SDKROOT = iphoneos;
				SWIFT_OPTIMIZATION_LEVEL = "-Onone";
			};
			name = Debug;
		};
		9BC19FE41D38E70800EE70D5 /* Release */ = {
			isa = XCBuildConfiguration;
			buildSettings = {
				ALWAYS_SEARCH_USER_PATHS = NO;
				CLANG_ANALYZER_NONNULL = YES;
				CLANG_CXX_LANGUAGE_STANDARD = "gnu++0x";
				CLANG_CXX_LIBRARY = "libc++";
				CLANG_ENABLE_MODULES = YES;
				CLANG_ENABLE_OBJC_ARC = YES;
				CLANG_WARN_BOOL_CONVERSION = YES;
				CLANG_WARN_CONSTANT_CONVERSION = YES;
				CLANG_WARN_DIRECT_OBJC_ISA_USAGE = YES_ERROR;
				CLANG_WARN_EMPTY_BODY = YES;
				CLANG_WARN_ENUM_CONVERSION = YES;
				CLANG_WARN_INT_CONVERSION = YES;
				CLANG_WARN_OBJC_ROOT_CLASS = YES_ERROR;
				CLANG_WARN_UNREACHABLE_CODE = YES;
				CLANG_WARN__DUPLICATE_METHOD_MATCH = YES;
				"CODE_SIGN_IDENTITY[sdk=iphoneos*]" = "iPhone Developer";
				COPY_PHASE_STRIP = NO;
				DEBUG_INFORMATION_FORMAT = "dwarf-with-dsym";
				ENABLE_NS_ASSERTIONS = NO;
				ENABLE_STRICT_OBJC_MSGSEND = YES;
				GCC_C_LANGUAGE_STANDARD = gnu99;
				GCC_NO_COMMON_BLOCKS = YES;
				GCC_WARN_64_TO_32_BIT_CONVERSION = YES;
				GCC_WARN_ABOUT_RETURN_TYPE = YES_ERROR;
				GCC_WARN_UNDECLARED_SELECTOR = YES;
				GCC_WARN_UNINITIALIZED_AUTOS = YES_AGGRESSIVE;
				GCC_WARN_UNUSED_FUNCTION = YES;
				GCC_WARN_UNUSED_VARIABLE = YES;
				IPHONEOS_DEPLOYMENT_TARGET = 9.3;
				MTL_ENABLE_DEBUG_INFO = NO;
				SDKROOT = iphoneos;
				VALIDATE_PRODUCT = YES;
			};
			name = Release;
		};
		9BC19FE61D38E70800EE70D5 /* Debug */ = {
			isa = XCBuildConfiguration;
			buildSettings = {
				ASSETCATALOG_COMPILER_APPICON_NAME = AppIcon;
				INFOPLIST_FILE = ToDo/Info.plist;
				LD_RUNPATH_SEARCH_PATHS = "$(inherited) @executable_path/Frameworks";
				PRODUCT_BUNDLE_IDENTIFIER = com.siclo.ToDo;
				PRODUCT_NAME = "$(TARGET_NAME)";
			};
			name = Debug;
		};
		9BC19FE71D38E70800EE70D5 /* Release */ = {
			isa = XCBuildConfiguration;
			buildSettings = {
				ASSETCATALOG_COMPILER_APPICON_NAME = AppIcon;
				INFOPLIST_FILE = ToDo/Info.plist;
				LD_RUNPATH_SEARCH_PATHS = "$(inherited) @executable_path/Frameworks";
				PRODUCT_BUNDLE_IDENTIFIER = com.siclo.ToDo;
				PRODUCT_NAME = "$(TARGET_NAME)";
			};
			name = Release;
		};
		9BC19FE91D38E70800EE70D5 /* Debug */ = {
			isa = XCBuildConfiguration;
			buildSettings = {
				BUNDLE_LOADER = "$(TEST_HOST)";
				CLANG_ENABLE_MODULES = YES;
				INFOPLIST_FILE = ToDoTests/Info.plist;
				LD_RUNPATH_SEARCH_PATHS = "$(inherited) @executable_path/Frameworks @loader_path/Frameworks";
				PRODUCT_BUNDLE_IDENTIFIER = com.siclo.ToDoTests;
				PRODUCT_NAME = "$(TARGET_NAME)";
				SWIFT_OPTIMIZATION_LEVEL = "-Onone";
				TEST_HOST = "$(BUILT_PRODUCTS_DIR)/ToDo.app/ToDo";
			};
			name = Debug;
		};
		9BC19FEA1D38E70800EE70D5 /* Release */ = {
			isa = XCBuildConfiguration;
			buildSettings = {
				BUNDLE_LOADER = "$(TEST_HOST)";
				CLANG_ENABLE_MODULES = YES;
				INFOPLIST_FILE = ToDoTests/Info.plist;
				LD_RUNPATH_SEARCH_PATHS = "$(inherited) @executable_path/Frameworks @loader_path/Frameworks";
				PRODUCT_BUNDLE_IDENTIFIER = com.siclo.ToDoTests;
				PRODUCT_NAME = "$(TARGET_NAME)";
				TEST_HOST = "$(BUILT_PRODUCTS_DIR)/ToDo.app/ToDo";
			};
			name = Release;
		};
/* End XCBuildConfiguration section */

/* Begin XCConfigurationList section */
		9BC19FC31D38E70800EE70D5 /* Build configuration list for PBXProject "ToDo" */ = {
			isa = XCConfigurationList;
			buildConfigurations = (
				9BC19FE31D38E70800EE70D5 /* Debug */,
				9BC19FE41D38E70800EE70D5 /* Release */,
			);
			defaultConfigurationIsVisible = 0;
			defaultConfigurationName = Release;
		};
		9BC19FE51D38E70800EE70D5 /* Build configuration list for PBXNativeTarget "ToDo" */ = {
			isa = XCConfigurationList;
			buildConfigurations = (
				9BC19FE61D38E70800EE70D5 /* Debug */,
				9BC19FE71D38E70800EE70D5 /* Release */,
			);
			defaultConfigurationIsVisible = 0;
		};
		9BC19FE81D38E70800EE70D5 /* Build configuration list for PBXNativeTarget "ToDoTests" */ = {
			isa = XCConfigurationList;
			buildConfigurations = (
				9BC19FE91D38E70800EE70D5 /* Debug */,
				9BC19FEA1D38E70800EE70D5 /* Release */,
			);
			defaultConfigurationIsVisible = 0;
		};
/* End XCConfigurationList section */
	};
	rootObject = 9BC19FC01D38E70800EE70D5 /* Project object */;
}
